
Microsoft Visual Studio Solution File, Format Version 12.00
# Visual Studio 15
VisualStudioVersion = 15.0.28307.168
MinimumVisualStudioVersion = 10.0.40219.1
Project("{FAE04EC0-301F-11D3-BF4B-00C04F79EFBC}") = "B01.Invoice.Web", "B01.Invoice.Web\B01.Invoice.Web.csproj", "{AD71D95B-FEAB-47AD-BF6F-7D8C3784D3DB}"
EndProject
Global
	GlobalSection(SolutionConfigurationPlatforms) = preSolution
		Debug|Any CPU = Debug|Any CPU
		Release|Any CPU = Release|Any CPU
	EndGlobalSection
	GlobalSection(ProjectConfigurationPlatforms) = postSolution
		{AD71D95B-FEAB-47AD-BF6F-7D8C3784D3DB}.Debug|Any CPU.ActiveCfg = Debug|Any CPU
		{AD71D95B-FEAB-47AD-BF6F-7D8C3784D3DB}.Debug|Any CPU.Build.0 = Debug|Any CPU
		{AD71D95B-FEAB-47AD-BF6F-7D8C3784D3DB}.Release|Any CPU.ActiveCfg = Release|Any CPU
		{AD71D95B-FEAB-47AD-BF6F-7D8C3784D3DB}.Release|Any CPU.Build.0 = Release|Any CPU
	EndGlobalSection
	GlobalSection(SolutionProperties) = preSolution
		HideSolutionNode = FALSE
	EndGlobalSection
	GlobalSection(ExtensibilityGlobals) = postSolution
		SolutionGuid = {BA9FAC9C-00C6-4FB0-8057-47390FA2DF1F}
	EndGlobalSection
EndGlobal
